
Microsoft Visual Studio Solution File, Format Version 12.00
# Visual Studio Version 17
VisualStudioVersion = 17.6.33815.320
MinimumVisualStudioVersion = 10.0.40219.1
Project("{FAE04EC0-301F-11D3-BF4B-00C04F79EFBC}") = "Inventory", "Inventory.csproj", "{5207E553-36B3-4E41-A4B1-1DC999DB994A}"
EndProject
Global
	GlobalSection(SolutionConfigurationPlatforms) = preSolution
		Debug|Any CPU = Debug|Any CPU
		Release|Any CPU = Release|Any CPU
	EndGlobalSection
	GlobalSection(ProjectConfigurationPlatforms) = postSolution
		{5207E553-36B3-4E41-A4B1-1DC999DB994A}.Debug|Any CPU.ActiveCfg = Debug|Any CPU
		{5207E553-36B3-4E41-A4B1-1DC999DB994A}.Debug|Any CPU.Build.0 = Debug|Any CPU
		{5207E553-36B3-4E41-A4B1-1DC999DB994A}.Release|Any CPU.ActiveCfg = Release|Any CPU
		{5207E553-36B3-4E41-A4B1-1DC999DB994A}.Release|Any CPU.Build.0 = Release|Any CPU
	EndGlobalSection
	GlobalSection(SolutionProperties) = preSolution
		HideSolutionNode = FALSE
	EndGlobalSection
	GlobalSection(ExtensibilityGlobals) = postSolution
		SolutionGuid = {AFAA47EE-8E9A-4345-994A-82D5DECA7599}
	EndGlobalSection
EndGlobal
